
Microsoft Visual Studio Solution File, Format Version 11.00
# Visual Studio 2010
# SharpDevelop 5.1
Project("{FAE04EC0-301F-11D3-BF4B-00C04F79EFBC}") = "proyecto", "proyecto\proyecto.csproj", "{D1574486-E8C7-414A-8DC2-30DB1707B7B0}"
EndProject
Global
	GlobalSection(SolutionConfigurationPlatforms) = preSolution
		Debug|Any CPU = Debug|Any CPU
		Release|Any CPU = Release|Any CPU
	EndGlobalSection
	GlobalSection(ProjectConfigurationPlatforms) = postSolution
		{D1574486-E8C7-414A-8DC2-30DB1707B7B0}.Debug|Any CPU.ActiveCfg = Debug|Any CPU
		{D1574486-E8C7-414A-8DC2-30DB1707B7B0}.Debug|Any CPU.Build.0 = Debug|Any CPU
		{D1574486-E8C7-414A-8DC2-30DB1707B7B0}.Release|Any CPU.ActiveCfg = Release|Any CPU
		{D1574486-E8C7-414A-8DC2-30DB1707B7B0}.Release|Any CPU.Build.0 = Release|Any CPU
	EndGlobalSection
EndGlobal
